// !$*UTF8*$!
{
	archiveVersion = 1;
	classes = {
	};
	objectVersion = 55;
	objects = {

/* Begin PBXBuildFile section */
		E007B52D29BA329C00833E5F /* LoginViewController.swift in Sources */ = {isa = PBXBuildFile; fileRef = E007B52C29BA329C00833E5F /* LoginViewController.swift */; };
		E007B52F29BA3AC000833E5F /* README.md in Resources */ = {isa = PBXBuildFile; fileRef = E007B52E29BA3AC000833E5F /* README.md */; };
		E038FA3429D85E5600597462 /* UIViewController+Preview.swift in Sources */ = {isa = PBXBuildFile; fileRef = E038FA3329D85E5600597462 /* UIViewController+Preview.swift */; };
		E038FA3629D85FF900597462 /* Sizes.swift in Sources */ = {isa = PBXBuildFile; fileRef = E038FA3529D85FF900597462 /* Sizes.swift */; };
		E038FA3E29D882C900597462 /* Strings.swift in Sources */ = {isa = PBXBuildFile; fileRef = E038FA3D29D882C900597462 /* Strings.swift */; };
		E038FA4129D8833400597462 /* Assets.swift in Sources */ = {isa = PBXBuildFile; fileRef = E038FA4029D8833400597462 /* Assets.swift */; };
		E0501AD12A17EE030004D332 /* CalendarCellFactory.swift in Sources */ = {isa = PBXBuildFile; fileRef = E0501AD02A17EE030004D332 /* CalendarCellFactory.swift */; };
		E0501AD32A17F5080004D332 /* CalendarModel.swift in Sources */ = {isa = PBXBuildFile; fileRef = E0501AD22A17F5080004D332 /* CalendarModel.swift */; };
		E0501AD52A17F9F00004D332 /* CalendarPresenter.swift in Sources */ = {isa = PBXBuildFile; fileRef = E0501AD42A17F9F00004D332 /* CalendarPresenter.swift */; };
		E05A7E4429CD8F8C000EBA1C /* ExerciseStub.swift in Sources */ = {isa = PBXBuildFile; fileRef = E05A7E4329CD8F8C000EBA1C /* ExerciseStub.swift */; };
		E05A7E4729CE059A000EBA1C /* CalendarView.swift in Sources */ = {isa = PBXBuildFile; fileRef = E05A7E4629CE059A000EBA1C /* CalendarView.swift */; };
		E068096129CC942100609443 /* IWorkoutManager.swift in Sources */ = {isa = PBXBuildFile; fileRef = E068096029CC942100609443 /* IWorkoutManager.swift */; };
		E068096329CC943800609443 /* WorkoutManager.swift in Sources */ = {isa = PBXBuildFile; fileRef = E068096229CC943800609443 /* WorkoutManager.swift */; };
		E06DF1D029B90B3C004CE7F8 /* Localizable.strings in Resources */ = {isa = PBXBuildFile; fileRef = E06DF1D229B90B3C004CE7F8 /* Localizable.strings */; };
		E0747A7929DD7FA000012CF4 /* OtherMonthDayCell.swift in Sources */ = {isa = PBXBuildFile; fileRef = E0747A7829DD7FA000012CF4 /* OtherMonthDayCell.swift */; };
		E086BA0B29B8FC1600527E6B /* AppDelegate.swift in Sources */ = {isa = PBXBuildFile; fileRef = E086BA0A29B8FC1600527E6B /* AppDelegate.swift */; };
		E086BA0D29B8FC1600527E6B /* SceneDelegate.swift in Sources */ = {isa = PBXBuildFile; fileRef = E086BA0C29B8FC1600527E6B /* SceneDelegate.swift */; };
		E086BA1429B8FC1700527E6B /* Assets.xcassets in Resources */ = {isa = PBXBuildFile; fileRef = E086BA1329B8FC1700527E6B /* Assets.xcassets */; };
		E086BA1729B8FC1700527E6B /* LaunchScreen.storyboard in Resources */ = {isa = PBXBuildFile; fileRef = E086BA1529B8FC1700527E6B /* LaunchScreen.storyboard */; };
		E086BA2229B8FC1700527E6B /* WorkoutManagerTests.swift in Sources */ = {isa = PBXBuildFile; fileRef = E086BA2129B8FC1700527E6B /* WorkoutManagerTests.swift */; };
		E086BA2C29B8FC1700527E6B /* FitnessTrackerUITests.swift in Sources */ = {isa = PBXBuildFile; fileRef = E086BA2B29B8FC1700527E6B /* FitnessTrackerUITests.swift */; };
		E086BA2E29B8FC1700527E6B /* FitnessTrackerUITestsLaunchTests.swift in Sources */ = {isa = PBXBuildFile; fileRef = E086BA2D29B8FC1700527E6B /* FitnessTrackerUITestsLaunchTests.swift */; };
		E0D59FE929D844A90044EA1C /* PinLayout in Frameworks */ = {isa = PBXBuildFile; productRef = E0D59FE829D844A90044EA1C /* PinLayout */; };
		E0E2F37D29CA1C0C004A7616 /* Exercise.swift in Sources */ = {isa = PBXBuildFile; fileRef = E0E2F37C29CA1C0C004A7616 /* Exercise.swift */; };
		E0E6445B2A127C93004EE783 /* CalendarManager.swift in Sources */ = {isa = PBXBuildFile; fileRef = E0E6445A2A127C93004EE783 /* CalendarManager.swift */; };
		E0E6445D2A13B48F004EE783 /* CalendarManagerDataModel.swift in Sources */ = {isa = PBXBuildFile; fileRef = E0E6445C2A13B48F004EE783 /* CalendarManagerDataModel.swift */; };
		E0E644602A1428E7004EE783 /* CurrentMonthDayCell.swift in Sources */ = {isa = PBXBuildFile; fileRef = E0E6445F2A1428E7004EE783 /* CurrentMonthDayCell.swift */; };
/* End PBXBuildFile section */

/* Begin PBXContainerItemProxy section */
		E086BA1E29B8FC1700527E6B /* PBXContainerItemProxy */ = {
			isa = PBXContainerItemProxy;
			containerPortal = E086B9FF29B8FC1600527E6B /* Project object */;
			proxyType = 1;
			remoteGlobalIDString = E086BA0629B8FC1600527E6B;
			remoteInfo = FitnessTracker;
		};
		E086BA2829B8FC1700527E6B /* PBXContainerItemProxy */ = {
			isa = PBXContainerItemProxy;
			containerPortal = E086B9FF29B8FC1600527E6B /* Project object */;
			proxyType = 1;
			remoteGlobalIDString = E086BA0629B8FC1600527E6B;
			remoteInfo = FitnessTracker;
		};
/* End PBXContainerItemProxy section */

/* Begin PBXFileReference section */
		E007B52C29BA329C00833E5F /* LoginViewController.swift */ = {isa = PBXFileReference; lastKnownFileType = sourcecode.swift; path = LoginViewController.swift; sourceTree = "<group>"; };
		E007B52E29BA3AC000833E5F /* README.md */ = {isa = PBXFileReference; fileEncoding = 4; lastKnownFileType = net.daringfireball.markdown; path = README.md; sourceTree = "<group>"; };
		E038FA3329D85E5600597462 /* UIViewController+Preview.swift */ = {isa = PBXFileReference; lastKnownFileType = sourcecode.swift; path = "UIViewController+Preview.swift"; sourceTree = "<group>"; };
		E038FA3529D85FF900597462 /* Sizes.swift */ = {isa = PBXFileReference; lastKnownFileType = sourcecode.swift; path = Sizes.swift; sourceTree = "<group>"; };
		E038FA3D29D882C900597462 /* Strings.swift */ = {isa = PBXFileReference; lastKnownFileType = sourcecode.swift; path = Strings.swift; sourceTree = "<group>"; };
		E038FA4029D8833400597462 /* Assets.swift */ = {isa = PBXFileReference; fileEncoding = 4; lastKnownFileType = sourcecode.swift; path = Assets.swift; sourceTree = "<group>"; };
		E0501AD02A17EE030004D332 /* CalendarCellFactory.swift */ = {isa = PBXFileReference; lastKnownFileType = sourcecode.swift; path = CalendarCellFactory.swift; sourceTree = "<group>"; };
		E0501AD22A17F5080004D332 /* CalendarModel.swift */ = {isa = PBXFileReference; lastKnownFileType = sourcecode.swift; path = CalendarModel.swift; sourceTree = "<group>"; };
		E0501AD42A17F9F00004D332 /* CalendarPresenter.swift */ = {isa = PBXFileReference; lastKnownFileType = sourcecode.swift; path = CalendarPresenter.swift; sourceTree = "<group>"; };
		E05A7E4329CD8F8C000EBA1C /* ExerciseStub.swift */ = {isa = PBXFileReference; lastKnownFileType = sourcecode.swift; path = ExerciseStub.swift; sourceTree = "<group>"; };
		E05A7E4629CE059A000EBA1C /* CalendarView.swift */ = {isa = PBXFileReference; lastKnownFileType = sourcecode.swift; path = CalendarView.swift; sourceTree = "<group>"; };
		E068096029CC942100609443 /* IWorkoutManager.swift */ = {isa = PBXFileReference; lastKnownFileType = sourcecode.swift; path = IWorkoutManager.swift; sourceTree = "<group>"; };
		E068096229CC943800609443 /* WorkoutManager.swift */ = {isa = PBXFileReference; lastKnownFileType = sourcecode.swift; path = WorkoutManager.swift; sourceTree = "<group>"; };
		E06DF1D129B90B3C004CE7F8 /* en */ = {isa = PBXFileReference; lastKnownFileType = text.plist.strings; name = en; path = en.lproj/Localizable.strings; sourceTree = "<group>"; };
		E06DF1D329B90BCE004CE7F8 /* ru */ = {isa = PBXFileReference; lastKnownFileType = text.plist.strings; name = ru; path = ru.lproj/Localizable.strings; sourceTree = "<group>"; };
		E0747A7829DD7FA000012CF4 /* OtherMonthDayCell.swift */ = {isa = PBXFileReference; lastKnownFileType = sourcecode.swift; path = OtherMonthDayCell.swift; sourceTree = "<group>"; };
		E086BA0729B8FC1600527E6B /* FitnessTracker.app */ = {isa = PBXFileReference; explicitFileType = wrapper.application; includeInIndex = 0; path = FitnessTracker.app; sourceTree = BUILT_PRODUCTS_DIR; };
		E086BA0A29B8FC1600527E6B /* AppDelegate.swift */ = {isa = PBXFileReference; lastKnownFileType = sourcecode.swift; path = AppDelegate.swift; sourceTree = "<group>"; };
		E086BA0C29B8FC1600527E6B /* SceneDelegate.swift */ = {isa = PBXFileReference; lastKnownFileType = sourcecode.swift; path = SceneDelegate.swift; sourceTree = "<group>"; };
		E086BA1329B8FC1700527E6B /* Assets.xcassets */ = {isa = PBXFileReference; lastKnownFileType = folder.assetcatalog; path = Assets.xcassets; sourceTree = "<group>"; };
		E086BA1629B8FC1700527E6B /* Base */ = {isa = PBXFileReference; lastKnownFileType = file.storyboard; name = Base; path = Base.lproj/LaunchScreen.storyboard; sourceTree = "<group>"; };
		E086BA1829B8FC1700527E6B /* Info.plist */ = {isa = PBXFileReference; lastKnownFileType = text.plist.xml; path = Info.plist; sourceTree = "<group>"; };
		E086BA1D29B8FC1700527E6B /* FitnessTrackerTests.xctest */ = {isa = PBXFileReference; explicitFileType = wrapper.cfbundle; includeInIndex = 0; path = FitnessTrackerTests.xctest; sourceTree = BUILT_PRODUCTS_DIR; };
		E086BA2129B8FC1700527E6B /* WorkoutManagerTests.swift */ = {isa = PBXFileReference; lastKnownFileType = sourcecode.swift; path = WorkoutManagerTests.swift; sourceTree = "<group>"; };
		E086BA2729B8FC1700527E6B /* FitnessTrackerUITests.xctest */ = {isa = PBXFileReference; explicitFileType = wrapper.cfbundle; includeInIndex = 0; path = FitnessTrackerUITests.xctest; sourceTree = BUILT_PRODUCTS_DIR; };
		E086BA2B29B8FC1700527E6B /* FitnessTrackerUITests.swift */ = {isa = PBXFileReference; lastKnownFileType = sourcecode.swift; path = FitnessTrackerUITests.swift; sourceTree = "<group>"; };
		E086BA2D29B8FC1700527E6B /* FitnessTrackerUITestsLaunchTests.swift */ = {isa = PBXFileReference; lastKnownFileType = sourcecode.swift; path = FitnessTrackerUITestsLaunchTests.swift; sourceTree = "<group>"; };
		E0E2F37C29CA1C0C004A7616 /* Exercise.swift */ = {isa = PBXFileReference; lastKnownFileType = sourcecode.swift; path = Exercise.swift; sourceTree = "<group>"; };
		E0E6445A2A127C93004EE783 /* CalendarManager.swift */ = {isa = PBXFileReference; lastKnownFileType = sourcecode.swift; path = CalendarManager.swift; sourceTree = "<group>"; };
		E0E6445C2A13B48F004EE783 /* CalendarManagerDataModel.swift */ = {isa = PBXFileReference; lastKnownFileType = sourcecode.swift; path = CalendarManagerDataModel.swift; sourceTree = "<group>"; };
		E0E6445F2A1428E7004EE783 /* CurrentMonthDayCell.swift */ = {isa = PBXFileReference; lastKnownFileType = sourcecode.swift; path = CurrentMonthDayCell.swift; sourceTree = "<group>"; };
/* End PBXFileReference section */

/* Begin PBXFrameworksBuildPhase section */
		E086BA0429B8FC1600527E6B /* Frameworks */ = {
			isa = PBXFrameworksBuildPhase;
			buildActionMask = 2147483647;
			files = (
				E0D59FE929D844A90044EA1C /* PinLayout in Frameworks */,
			);
			runOnlyForDeploymentPostprocessing = 0;
		};
		E086BA1A29B8FC1700527E6B /* Frameworks */ = {
			isa = PBXFrameworksBuildPhase;
			buildActionMask = 2147483647;
			files = (
			);
			runOnlyForDeploymentPostprocessing = 0;
		};
		E086BA2429B8FC1700527E6B /* Frameworks */ = {
			isa = PBXFrameworksBuildPhase;
			buildActionMask = 2147483647;
			files = (
			);
			runOnlyForDeploymentPostprocessing = 0;
		};
/* End PBXFrameworksBuildPhase section */

/* Begin PBXGroup section */
		E007B52429BA26D600833E5F /* Supporting Files */ = {
			isa = PBXGroup;
			children = (
				E038FA3F29D882DF00597462 /* Autogenerated */,
				E086BA1829B8FC1700527E6B /* Info.plist */,
				E086BA0C29B8FC1600527E6B /* SceneDelegate.swift */,
				E086BA0A29B8FC1600527E6B /* AppDelegate.swift */,
			);
			path = "Supporting Files";
			sourceTree = "<group>";
		};
		E007B52529BA291400833E5F /* Localization */ = {
			isa = PBXGroup;
			children = (
				E06DF1D229B90B3C004CE7F8 /* Localizable.strings */,
			);
			path = Localization;
			sourceTree = "<group>";
		};
		E007B52629BA315500833E5F /* Resources */ = {
			isa = PBXGroup;
			children = (
				E086BA1329B8FC1700527E6B /* Assets.xcassets */,
			);
			path = Resources;
			sourceTree = "<group>";
		};
		E007B52829BA31EE00833E5F /* Storyboard */ = {
			isa = PBXGroup;
			children = (
				E086BA1529B8FC1700527E6B /* LaunchScreen.storyboard */,
			);
			path = Storyboard;
			sourceTree = "<group>";
		};
		E007B52929BA321700833E5F /* Business Logic */ = {
			isa = PBXGroup;
			children = (
				E0E644592A127C57004EE783 /* CalendarService */,
				E0D59FEA29D85C970044EA1C /* CalendarView */,
				E0E644582A125287004EE783 /* WorkoutManager */,
			);
			path = "Business Logic";
			sourceTree = "<group>";
		};
		E007B52A29BA323400833E5F /* Scenes */ = {
			isa = PBXGroup;
			children = (
				E007B52B29BA323F00833E5F /* LoginScene */,
			);
			path = Scenes;
			sourceTree = "<group>";
		};
		E007B52B29BA323F00833E5F /* LoginScene */ = {
			isa = PBXGroup;
			children = (
				E007B52C29BA329C00833E5F /* LoginViewController.swift */,
			);
			path = LoginScene;
			sourceTree = "<group>";
		};
		E038FA3729D861E700597462 /* Themes */ = {
			isa = PBXGroup;
			children = (
				E038FA3529D85FF900597462 /* Sizes.swift */,
			);
			path = Themes;
			sourceTree = "<group>";
		};
		E038FA3F29D882DF00597462 /* Autogenerated */ = {
			isa = PBXGroup;
			children = (
				E038FA4029D8833400597462 /* Assets.swift */,
				E038FA3D29D882C900597462 /* Strings.swift */,
			);
			path = Autogenerated;
			sourceTree = "<group>";
		};
		E05A7E4229CD8F73000EBA1C /* Tests Doubles */ = {
			isa = PBXGroup;
			children = (
				E05A7E4329CD8F8C000EBA1C /* ExerciseStub.swift */,
			);
			path = "Tests Doubles";
			sourceTree = "<group>";
		};
		E086B9FE29B8FC1600527E6B = {
			isa = PBXGroup;
			children = (
				E007B52E29BA3AC000833E5F /* README.md */,
				E086BA0929B8FC1600527E6B /* FitnessTracker */,
				E086BA2029B8FC1700527E6B /* FitnessTrackerTests */,
				E086BA2A29B8FC1700527E6B /* FitnessTrackerUITests */,
				E086BA0829B8FC1600527E6B /* Products */,
			);
			sourceTree = "<group>";
		};
		E086BA0829B8FC1600527E6B /* Products */ = {
			isa = PBXGroup;
			children = (
				E086BA0729B8FC1600527E6B /* FitnessTracker.app */,
				E086BA1D29B8FC1700527E6B /* FitnessTrackerTests.xctest */,
				E086BA2729B8FC1700527E6B /* FitnessTrackerUITests.xctest */,
			);
			name = Products;
			sourceTree = "<group>";
		};
		E086BA0929B8FC1600527E6B /* FitnessTracker */ = {
			isa = PBXGroup;
			children = (
				E007B52A29BA323400833E5F /* Scenes */,
				E007B52829BA31EE00833E5F /* Storyboard */,
				E007B52929BA321700833E5F /* Business Logic */,
				E007B52429BA26D600833E5F /* Supporting Files */,
				E007B52529BA291400833E5F /* Localization */,
				E038FA3729D861E700597462 /* Themes */,
				E0D59FEB29D85CD60044EA1C /* Extentions */,
				E007B52629BA315500833E5F /* Resources */,
			);
			path = FitnessTracker;
			sourceTree = "<group>";
		};
		E086BA2029B8FC1700527E6B /* FitnessTrackerTests */ = {
			isa = PBXGroup;
			children = (
				E086BA2129B8FC1700527E6B /* WorkoutManagerTests.swift */,
				E05A7E4229CD8F73000EBA1C /* Tests Doubles */,
			);
			path = FitnessTrackerTests;
			sourceTree = "<group>";
		};
		E086BA2A29B8FC1700527E6B /* FitnessTrackerUITests */ = {
			isa = PBXGroup;
			children = (
				E086BA2B29B8FC1700527E6B /* FitnessTrackerUITests.swift */,
				E086BA2D29B8FC1700527E6B /* FitnessTrackerUITestsLaunchTests.swift */,
			);
			path = FitnessTrackerUITests;
			sourceTree = "<group>";
		};
		E0D59FEA29D85C970044EA1C /* CalendarView */ = {
			isa = PBXGroup;
			children = (
				E05A7E4629CE059A000EBA1C /* CalendarView.swift */,
				E0501AD42A17F9F00004D332 /* CalendarPresenter.swift */,
				E0501AD22A17F5080004D332 /* CalendarModel.swift */,
				E0E6445E2A13C9C2004EE783 /* CalendarCell */,
			);
			path = CalendarView;
			sourceTree = "<group>";
		};
		E0D59FEB29D85CD60044EA1C /* Extentions */ = {
			isa = PBXGroup;
			children = (
				E038FA3329D85E5600597462 /* UIViewController+Preview.swift */,
			);
			path = Extentions;
			sourceTree = "<group>";
		};
		E0E644582A125287004EE783 /* WorkoutManager */ = {
			isa = PBXGroup;
			children = (
				E0E2F37C29CA1C0C004A7616 /* Exercise.swift */,
				E068096029CC942100609443 /* IWorkoutManager.swift */,
				E068096229CC943800609443 /* WorkoutManager.swift */,
			);
			path = WorkoutManager;
			sourceTree = "<group>";
		};
		E0E644592A127C57004EE783 /* CalendarService */ = {
			isa = PBXGroup;
			children = (
				E0E6445A2A127C93004EE783 /* CalendarManager.swift */,
				E0E6445C2A13B48F004EE783 /* CalendarManagerDataModel.swift */,
			);
			path = CalendarService;
			sourceTree = "<group>";
		};
		E0E6445E2A13C9C2004EE783 /* CalendarCell */ = {
			isa = PBXGroup;
			children = (
				E0747A7829DD7FA000012CF4 /* OtherMonthDayCell.swift */,
				E0E6445F2A1428E7004EE783 /* CurrentMonthDayCell.swift */,
				E0501AD02A17EE030004D332 /* CalendarCellFactory.swift */,
			);
			path = CalendarCell;
			sourceTree = "<group>";
		};
/* End PBXGroup section */

/* Begin PBXNativeTarget section */
		E086BA0629B8FC1600527E6B /* FitnessTracker */ = {
			isa = PBXNativeTarget;
			buildConfigurationList = E086BA3129B8FC1700527E6B /* Build configuration list for PBXNativeTarget "FitnessTracker" */;
			buildPhases = (
				E007B52329BA25C900833E5F /* Run Script SwiftLint */,
				E038FA3C29D8789200597462 /* Run Script SwiftGen */,
				E086BA0329B8FC1600527E6B /* Sources */,
				E086BA0429B8FC1600527E6B /* Frameworks */,
				E086BA0529B8FC1600527E6B /* Resources */,
			);
			buildRules = (
			);
			dependencies = (
			);
			name = FitnessTracker;
			packageProductDependencies = (
				E0D59FE829D844A90044EA1C /* PinLayout */,
			);
			productName = FitnessTracker;
			productReference = E086BA0729B8FC1600527E6B /* FitnessTracker.app */;
			productType = "com.apple.product-type.application";
		};
		E086BA1C29B8FC1700527E6B /* FitnessTrackerTests */ = {
			isa = PBXNativeTarget;
			buildConfigurationList = E086BA3429B8FC1700527E6B /* Build configuration list for PBXNativeTarget "FitnessTrackerTests" */;
			buildPhases = (
				E086BA1929B8FC1700527E6B /* Sources */,
				E086BA1A29B8FC1700527E6B /* Frameworks */,
				E086BA1B29B8FC1700527E6B /* Resources */,
			);
			buildRules = (
			);
			dependencies = (
				E086BA1F29B8FC1700527E6B /* PBXTargetDependency */,
			);
			name = FitnessTrackerTests;
			productName = FitnessTrackerTests;
			productReference = E086BA1D29B8FC1700527E6B /* FitnessTrackerTests.xctest */;
			productType = "com.apple.product-type.bundle.unit-test";
		};
		E086BA2629B8FC1700527E6B /* FitnessTrackerUITests */ = {
			isa = PBXNativeTarget;
			buildConfigurationList = E086BA3729B8FC1700527E6B /* Build configuration list for PBXNativeTarget "FitnessTrackerUITests" */;
			buildPhases = (
				E086BA2329B8FC1700527E6B /* Sources */,
				E086BA2429B8FC1700527E6B /* Frameworks */,
				E086BA2529B8FC1700527E6B /* Resources */,
			);
			buildRules = (
			);
			dependencies = (
				E086BA2929B8FC1700527E6B /* PBXTargetDependency */,
			);
			name = FitnessTrackerUITests;
			productName = FitnessTrackerUITests;
			productReference = E086BA2729B8FC1700527E6B /* FitnessTrackerUITests.xctest */;
			productType = "com.apple.product-type.bundle.ui-testing";
		};
/* End PBXNativeTarget section */

/* Begin PBXProject section */
		E086B9FF29B8FC1600527E6B /* Project object */ = {
			isa = PBXProject;
			attributes = {
				BuildIndependentTargetsInParallel = 1;
				LastSwiftUpdateCheck = 1420;
				LastUpgradeCheck = 1420;
				TargetAttributes = {
					E086BA0629B8FC1600527E6B = {
						CreatedOnToolsVersion = 14.2;
					};
					E086BA1C29B8FC1700527E6B = {
						CreatedOnToolsVersion = 14.2;
						TestTargetID = E086BA0629B8FC1600527E6B;
					};
					E086BA2629B8FC1700527E6B = {
						CreatedOnToolsVersion = 14.2;
						TestTargetID = E086BA0629B8FC1600527E6B;
					};
				};
			};
			buildConfigurationList = E086BA0229B8FC1600527E6B /* Build configuration list for PBXProject "FitnessTracker" */;
			compatibilityVersion = "Xcode 13.0";
			developmentRegion = en;
			hasScannedForEncodings = 0;
			knownRegions = (
				en,
				Base,
				ru,
			);
			mainGroup = E086B9FE29B8FC1600527E6B;
			packageReferences = (
				E0D59FE729D844A80044EA1C /* XCRemoteSwiftPackageReference "PinLayout" */,
			);
			productRefGroup = E086BA0829B8FC1600527E6B /* Products */;
			projectDirPath = "";
			projectRoot = "";
			targets = (
				E086BA0629B8FC1600527E6B /* FitnessTracker */,
				E086BA1C29B8FC1700527E6B /* FitnessTrackerTests */,
				E086BA2629B8FC1700527E6B /* FitnessTrackerUITests */,
			);
		};
/* End PBXProject section */

/* Begin PBXResourcesBuildPhase section */
		E086BA0529B8FC1600527E6B /* Resources */ = {
			isa = PBXResourcesBuildPhase;
			buildActionMask = 2147483647;
			files = (
				E086BA1729B8FC1700527E6B /* LaunchScreen.storyboard in Resources */,
				E06DF1D029B90B3C004CE7F8 /* Localizable.strings in Resources */,
				E007B52F29BA3AC000833E5F /* README.md in Resources */,
				E086BA1429B8FC1700527E6B /* Assets.xcassets in Resources */,
			);
			runOnlyForDeploymentPostprocessing = 0;
		};
		E086BA1B29B8FC1700527E6B /* Resources */ = {
			isa = PBXResourcesBuildPhase;
			buildActionMask = 2147483647;
			files = (
			);
			runOnlyForDeploymentPostprocessing = 0;
		};
		E086BA2529B8FC1700527E6B /* Resources */ = {
			isa = PBXResourcesBuildPhase;
			buildActionMask = 2147483647;
			files = (
			);
			runOnlyForDeploymentPostprocessing = 0;
		};
/* End PBXResourcesBuildPhase section */

/* Begin PBXShellScriptBuildPhase section */
		E007B52329BA25C900833E5F /* Run Script SwiftLint */ = {
			isa = PBXShellScriptBuildPhase;
			alwaysOutOfDate = 1;
			buildActionMask = 2147483647;
			files = (
			);
			inputFileListPaths = (
			);
			inputPaths = (
			);
			name = "Run Script SwiftLint";
			outputFileListPaths = (
			);
			outputPaths = (
			);
			runOnlyForDeploymentPostprocessing = 0;
			shellPath = /bin/sh;
			shellScript = "# Type a script or drag a script file from your workspace to insert its path.\nexport PATH=\"$PATH:/opt/homebrew/bin\"\nif which swiftlint > /dev/null; then\n  swiftlint\nelse\n  echo \"warning: SwiftLint not installed, download from https://github.com/realm/SwiftLint\"\nfi\n";
		};
		E038FA3C29D8789200597462 /* Run Script SwiftGen */ = {
			isa = PBXShellScriptBuildPhase;
			alwaysOutOfDate = 1;
			buildActionMask = 2147483647;
			files = (
			);
			inputFileListPaths = (
			);
			inputPaths = (
			);
			name = "Run Script SwiftGen";
			outputFileListPaths = (
			);
			outputPaths = (
				"$(SRCROOT)/FitnessTracker/Supporting Files/Autogenerated/Strings.swift",
				"$(SRCROOT)/FitnessTracker/Supporting Files/Autogenerated/Assets.swift",
			);
			runOnlyForDeploymentPostprocessing = 0;
			shellPath = /bin/sh;
			shellScript = "FitnessTracker/SwiftGen/swiftgen.sh\n";
		};
/* End PBXShellScriptBuildPhase section */

/* Begin PBXSourcesBuildPhase section */
		E086BA0329B8FC1600527E6B /* Sources */ = {
			isa = PBXSourcesBuildPhase;
			buildActionMask = 2147483647;
			files = (
				E038FA3429D85E5600597462 /* UIViewController+Preview.swift in Sources */,
				E0501AD32A17F5080004D332 /* CalendarModel.swift in Sources */,
				E038FA3E29D882C900597462 /* Strings.swift in Sources */,
				E038FA4129D8833400597462 /* Assets.swift in Sources */,
				E0E6445B2A127C93004EE783 /* CalendarManager.swift in Sources */,
				E0E6445D2A13B48F004EE783 /* CalendarManagerDataModel.swift in Sources */,
				E0E2F37D29CA1C0C004A7616 /* Exercise.swift in Sources */,
				E068096329CC943800609443 /* WorkoutManager.swift in Sources */,
				E0501AD12A17EE030004D332 /* CalendarCellFactory.swift in Sources */,
				E05A7E4729CE059A000EBA1C /* CalendarView.swift in Sources */,
				E0747A7929DD7FA000012CF4 /* OtherMonthDayCell.swift in Sources */,
				E007B52D29BA329C00833E5F /* LoginViewController.swift in Sources */,
				E0501AD52A17F9F00004D332 /* CalendarPresenter.swift in Sources */,
				E0E644602A1428E7004EE783 /* CurrentMonthDayCell.swift in Sources */,
				E086BA0B29B8FC1600527E6B /* AppDelegate.swift in Sources */,
				E038FA3629D85FF900597462 /* Sizes.swift in Sources */,
				E068096129CC942100609443 /* IWorkoutManager.swift in Sources */,
				E086BA0D29B8FC1600527E6B /* SceneDelegate.swift in Sources */,
			);
			runOnlyForDeploymentPostprocessing = 0;
		};
		E086BA1929B8FC1700527E6B /* Sources */ = {
			isa = PBXSourcesBuildPhase;
			buildActionMask = 2147483647;
			files = (
				E05A7E4429CD8F8C000EBA1C /* ExerciseStub.swift in Sources */,
				E086BA2229B8FC1700527E6B /* WorkoutManagerTests.swift in Sources */,
			);
			runOnlyForDeploymentPostprocessing = 0;
		};
		E086BA2329B8FC1700527E6B /* Sources */ = {
			isa = PBXSourcesBuildPhase;
			buildActionMask = 2147483647;
			files = (
				E086BA2E29B8FC1700527E6B /* FitnessTrackerUITestsLaunchTests.swift in Sources */,
				E086BA2C29B8FC1700527E6B /* FitnessTrackerUITests.swift in Sources */,
			);
			runOnlyForDeploymentPostprocessing = 0;
		};
/* End PBXSourcesBuildPhase section */

/* Begin PBXTargetDependency section */
		E086BA1F29B8FC1700527E6B /* PBXTargetDependency */ = {
			isa = PBXTargetDependency;
			target = E086BA0629B8FC1600527E6B /* FitnessTracker */;
			targetProxy = E086BA1E29B8FC1700527E6B /* PBXContainerItemProxy */;
		};
		E086BA2929B8FC1700527E6B /* PBXTargetDependency */ = {
			isa = PBXTargetDependency;
			target = E086BA0629B8FC1600527E6B /* FitnessTracker */;
			targetProxy = E086BA2829B8FC1700527E6B /* PBXContainerItemProxy */;
		};
/* End PBXTargetDependency section */

/* Begin PBXVariantGroup section */
		E06DF1D229B90B3C004CE7F8 /* Localizable.strings */ = {
			isa = PBXVariantGroup;
			children = (
				E06DF1D129B90B3C004CE7F8 /* en */,
				E06DF1D329B90BCE004CE7F8 /* ru */,
			);
			name = Localizable.strings;
			sourceTree = "<group>";
		};
		E086BA1529B8FC1700527E6B /* LaunchScreen.storyboard */ = {
			isa = PBXVariantGroup;
			children = (
				E086BA1629B8FC1700527E6B /* Base */,
			);
			name = LaunchScreen.storyboard;
			sourceTree = "<group>";
		};
/* End PBXVariantGroup section */

/* Begin XCBuildConfiguration section */
		E086BA2F29B8FC1700527E6B /* Debug */ = {
			isa = XCBuildConfiguration;
			buildSettings = {
				ALWAYS_SEARCH_USER_PATHS = NO;
				CLANG_ANALYZER_LOCALIZABILITY_NONLOCALIZED = YES;
				CLANG_ANALYZER_NONNULL = YES;
				CLANG_ANALYZER_NUMBER_OBJECT_CONVERSION = YES_AGGRESSIVE;
				CLANG_CXX_LANGUAGE_STANDARD = "gnu++20";
				CLANG_ENABLE_MODULES = YES;
				CLANG_ENABLE_OBJC_ARC = YES;
				CLANG_ENABLE_OBJC_WEAK = YES;
				CLANG_WARN_BLOCK_CAPTURE_AUTORELEASING = YES;
				CLANG_WARN_BOOL_CONVERSION = YES;
				CLANG_WARN_COMMA = YES;
				CLANG_WARN_CONSTANT_CONVERSION = YES;
				CLANG_WARN_DEPRECATED_OBJC_IMPLEMENTATIONS = YES;
				CLANG_WARN_DIRECT_OBJC_ISA_USAGE = YES_ERROR;
				CLANG_WARN_DOCUMENTATION_COMMENTS = YES;
				CLANG_WARN_EMPTY_BODY = YES;
				CLANG_WARN_ENUM_CONVERSION = YES;
				CLANG_WARN_INFINITE_RECURSION = YES;
				CLANG_WARN_INT_CONVERSION = YES;
				CLANG_WARN_NON_LITERAL_NULL_CONVERSION = YES;
				CLANG_WARN_OBJC_IMPLICIT_RETAIN_SELF = YES;
				CLANG_WARN_OBJC_LITERAL_CONVERSION = YES;
				CLANG_WARN_OBJC_ROOT_CLASS = YES_ERROR;
				CLANG_WARN_QUOTED_INCLUDE_IN_FRAMEWORK_HEADER = YES;
				CLANG_WARN_RANGE_LOOP_ANALYSIS = YES;
				CLANG_WARN_STRICT_PROTOTYPES = YES;
				CLANG_WARN_SUSPICIOUS_MOVE = YES;
				CLANG_WARN_UNGUARDED_AVAILABILITY = YES_AGGRESSIVE;
				CLANG_WARN_UNREACHABLE_CODE = YES;
				CLANG_WARN__DUPLICATE_METHOD_MATCH = YES;
				COPY_PHASE_STRIP = NO;
				DEBUG_INFORMATION_FORMAT = dwarf;
				ENABLE_STRICT_OBJC_MSGSEND = YES;
				ENABLE_TESTABILITY = YES;
				GCC_C_LANGUAGE_STANDARD = gnu11;
				GCC_DYNAMIC_NO_PIC = NO;
				GCC_NO_COMMON_BLOCKS = YES;
				GCC_OPTIMIZATION_LEVEL = 0;
				GCC_PREPROCESSOR_DEFINITIONS = (
					"DEBUG=1",
					"$(inherited)",
				);
				GCC_WARN_64_TO_32_BIT_CONVERSION = YES;
				GCC_WARN_ABOUT_RETURN_TYPE = YES_ERROR;
				GCC_WARN_UNDECLARED_SELECTOR = YES;
				GCC_WARN_UNINITIALIZED_AUTOS = YES_AGGRESSIVE;
				GCC_WARN_UNUSED_FUNCTION = YES;
				GCC_WARN_UNUSED_VARIABLE = YES;
				IPHONEOS_DEPLOYMENT_TARGET = 16.2;
				MTL_ENABLE_DEBUG_INFO = INCLUDE_SOURCE;
				MTL_FAST_MATH = YES;
				ONLY_ACTIVE_ARCH = YES;
				SDKROOT = iphoneos;
				SWIFT_ACTIVE_COMPILATION_CONDITIONS = DEBUG;
				SWIFT_OPTIMIZATION_LEVEL = "-Onone";
			};
			name = Debug;
		};
		E086BA3029B8FC1700527E6B /* Release */ = {
			isa = XCBuildConfiguration;
			buildSettings = {
				ALWAYS_SEARCH_USER_PATHS = NO;
				CLANG_ANALYZER_LOCALIZABILITY_NONLOCALIZED = YES;
				CLANG_ANALYZER_NONNULL = YES;
				CLANG_ANALYZER_NUMBER_OBJECT_CONVERSION = YES_AGGRESSIVE;
				CLANG_CXX_LANGUAGE_STANDARD = "gnu++20";
				CLANG_ENABLE_MODULES = YES;
				CLANG_ENABLE_OBJC_ARC = YES;
				CLANG_ENABLE_OBJC_WEAK = YES;
				CLANG_WARN_BLOCK_CAPTURE_AUTORELEASING = YES;
				CLANG_WARN_BOOL_CONVERSION = YES;
				CLANG_WARN_COMMA = YES;
				CLANG_WARN_CONSTANT_CONVERSION = YES;
				CLANG_WARN_DEPRECATED_OBJC_IMPLEMENTATIONS = YES;
				CLANG_WARN_DIRECT_OBJC_ISA_USAGE = YES_ERROR;
				CLANG_WARN_DOCUMENTATION_COMMENTS = YES;
				CLANG_WARN_EMPTY_BODY = YES;
				CLANG_WARN_ENUM_CONVERSION = YES;
				CLANG_WARN_INFINITE_RECURSION = YES;
				CLANG_WARN_INT_CONVERSION = YES;
				CLANG_WARN_NON_LITERAL_NULL_CONVERSION = YES;
				CLANG_WARN_OBJC_IMPLICIT_RETAIN_SELF = YES;
				CLANG_WARN_OBJC_LITERAL_CONVERSION = YES;
				CLANG_WARN_OBJC_ROOT_CLASS = YES_ERROR;
				CLANG_WARN_QUOTED_INCLUDE_IN_FRAMEWORK_HEADER = YES;
				CLANG_WARN_RANGE_LOOP_ANALYSIS = YES;
				CLANG_WARN_STRICT_PROTOTYPES = YES;
				CLANG_WARN_SUSPICIOUS_MOVE = YES;
				CLANG_WARN_UNGUARDED_AVAILABILITY = YES_AGGRESSIVE;
				CLANG_WARN_UNREACHABLE_CODE = YES;
				CLANG_WARN__DUPLICATE_METHOD_MATCH = YES;
				COPY_PHASE_STRIP = NO;
				DEBUG_INFORMATION_FORMAT = "dwarf-with-dsym";
				ENABLE_NS_ASSERTIONS = NO;
				ENABLE_STRICT_OBJC_MSGSEND = YES;
				GCC_C_LANGUAGE_STANDARD = gnu11;
				GCC_NO_COMMON_BLOCKS = YES;
				GCC_WARN_64_TO_32_BIT_CONVERSION = YES;
				GCC_WARN_ABOUT_RETURN_TYPE = YES_ERROR;
				GCC_WARN_UNDECLARED_SELECTOR = YES;
				GCC_WARN_UNINITIALIZED_AUTOS = YES_AGGRESSIVE;
				GCC_WARN_UNUSED_FUNCTION = YES;
				GCC_WARN_UNUSED_VARIABLE = YES;
				IPHONEOS_DEPLOYMENT_TARGET = 16.2;
				MTL_ENABLE_DEBUG_INFO = NO;
				MTL_FAST_MATH = YES;
				SDKROOT = iphoneos;
				SWIFT_COMPILATION_MODE = wholemodule;
				SWIFT_OPTIMIZATION_LEVEL = "-O";
				VALIDATE_PRODUCT = YES;
			};
			name = Release;
		};
		E086BA3229B8FC1700527E6B /* Debug */ = {
			isa = XCBuildConfiguration;
			buildSettings = {
				ASSETCATALOG_COMPILER_APPICON_NAME = AppIcon;
				ASSETCATALOG_COMPILER_GLOBAL_ACCENT_COLOR_NAME = AccentColor;
				CODE_SIGN_STYLE = Automatic;
				CURRENT_PROJECT_VERSION = 1;
				DEVELOPMENT_TEAM = WSW34L4PSC;
				GENERATE_INFOPLIST_FILE = YES;
				INFOPLIST_FILE = "FitnessTracker/Supporting Files/Info.plist";
				INFOPLIST_KEY_LSApplicationCategoryType = "public.app-category.healthcare-fitness";
				INFOPLIST_KEY_UIApplicationSupportsIndirectInputEvents = YES;
				INFOPLIST_KEY_UILaunchStoryboardName = LaunchScreen;
				INFOPLIST_KEY_UISupportedInterfaceOrientations = "UIInterfaceOrientationLandscapeLeft UIInterfaceOrientationPortrait";
				INFOPLIST_KEY_UISupportedInterfaceOrientations_iPad = "UIInterfaceOrientationLandscapeLeft UIInterfaceOrientationLandscapeRight UIInterfaceOrientationPortrait UIInterfaceOrientationPortraitUpsideDown";
				LD_RUNPATH_SEARCH_PATHS = (
					"$(inherited)",
					"@executable_path/Frameworks",
				);
				MARKETING_VERSION = 1.0;
				PRODUCT_BUNDLE_IDENTIFIER = "Vadim-Gamzaev.FitnessTracker";
				PRODUCT_NAME = "$(TARGET_NAME)";
				SUPPORTED_PLATFORMS = "iphoneos iphonesimulator";
				SUPPORTS_MACCATALYST = NO;
				SUPPORTS_MAC_DESIGNED_FOR_IPHONE_IPAD = NO;
				SWIFT_EMIT_LOC_STRINGS = YES;
				SWIFT_VERSION = 5.0;
				TARGETED_DEVICE_FAMILY = 1;
			};
			name = Debug;
		};
		E086BA3329B8FC1700527E6B /* Release */ = {
			isa = XCBuildConfiguration;
			buildSettings = {
				ASSETCATALOG_COMPILER_APPICON_NAME = AppIcon;
				ASSETCATALOG_COMPILER_GLOBAL_ACCENT_COLOR_NAME = AccentColor;
				CODE_SIGN_STYLE = Automatic;
				CURRENT_PROJECT_VERSION = 1;
				DEVELOPMENT_TEAM = WSW34L4PSC;
				GENERATE_INFOPLIST_FILE = YES;
				INFOPLIST_FILE = "FitnessTracker/Supporting Files/Info.plist";
				INFOPLIST_KEY_LSApplicationCategoryType = "public.app-category.healthcare-fitness";
				INFOPLIST_KEY_UIApplicationSupportsIndirectInputEvents = YES;
				INFOPLIST_KEY_UILaunchStoryboardName = LaunchScreen;
				INFOPLIST_KEY_UISupportedInterfaceOrientations = "UIInterfaceOrientationLandscapeLeft UIInterfaceOrientationPortrait";
				INFOPLIST_KEY_UISupportedInterfaceOrientations_iPad = "UIInterfaceOrientationLandscapeLeft UIInterfaceOrientationLandscapeRight UIInterfaceOrientationPortrait UIInterfaceOrientationPortraitUpsideDown";
				LD_RUNPATH_SEARCH_PATHS = (
					"$(inherited)",
					"@executable_path/Frameworks",
				);
				MARKETING_VERSION = 1.0;
				PRODUCT_BUNDLE_IDENTIFIER = "Vadim-Gamzaev.FitnessTracker";
				PRODUCT_NAME = "$(TARGET_NAME)";
				SUPPORTED_PLATFORMS = "iphoneos iphonesimulator";
				SUPPORTS_MACCATALYST = NO;
				SUPPORTS_MAC_DESIGNED_FOR_IPHONE_IPAD = NO;
				SWIFT_EMIT_LOC_STRINGS = YES;
				SWIFT_VERSION = 5.0;
				TARGETED_DEVICE_FAMILY = 1;
			};
			name = Release;
		};
		E086BA3529B8FC1700527E6B /* Debug */ = {
			isa = XCBuildConfiguration;
			buildSettings = {
				ALWAYS_EMBED_SWIFT_STANDARD_LIBRARIES = YES;
				BUNDLE_LOADER = "$(TEST_HOST)";
				CODE_SIGN_STYLE = Automatic;
				CURRENT_PROJECT_VERSION = 1;
				DEVELOPMENT_TEAM = WSW34L4PSC;
				GENERATE_INFOPLIST_FILE = YES;
				IPHONEOS_DEPLOYMENT_TARGET = 16.2;
				MARKETING_VERSION = 1.0;
				PRODUCT_BUNDLE_IDENTIFIER = "Vadim-Gamzaev.FitnessTrackerTests";
				PRODUCT_NAME = "$(TARGET_NAME)";
				SWIFT_EMIT_LOC_STRINGS = NO;
				SWIFT_VERSION = 5.0;
				TARGETED_DEVICE_FAMILY = "1,2";
				TEST_HOST = "$(BUILT_PRODUCTS_DIR)/FitnessTracker.app/$(BUNDLE_EXECUTABLE_FOLDER_PATH)/FitnessTracker";
			};
			name = Debug;
		};
		E086BA3629B8FC1700527E6B /* Release */ = {
			isa = XCBuildConfiguration;
			buildSettings = {
				ALWAYS_EMBED_SWIFT_STANDARD_LIBRARIES = YES;
				BUNDLE_LOADER = "$(TEST_HOST)";
				CODE_SIGN_STYLE = Automatic;
				CURRENT_PROJECT_VERSION = 1;
				DEVELOPMENT_TEAM = WSW34L4PSC;
				GENERATE_INFOPLIST_FILE = YES;
				IPHONEOS_DEPLOYMENT_TARGET = 16.2;
				MARKETING_VERSION = 1.0;
				PRODUCT_BUNDLE_IDENTIFIER = "Vadim-Gamzaev.FitnessTrackerTests";
				PRODUCT_NAME = "$(TARGET_NAME)";
				SWIFT_EMIT_LOC_STRINGS = NO;
				SWIFT_VERSION = 5.0;
				TARGETED_DEVICE_FAMILY = "1,2";
				TEST_HOST = "$(BUILT_PRODUCTS_DIR)/FitnessTracker.app/$(BUNDLE_EXECUTABLE_FOLDER_PATH)/FitnessTracker";
			};
			name = Release;
		};
		E086BA3829B8FC1700527E6B /* Debug */ = {
			isa = XCBuildConfiguration;
			buildSettings = {
				ALWAYS_EMBED_SWIFT_STANDARD_LIBRARIES = YES;
				CODE_SIGN_STYLE = Automatic;
				CURRENT_PROJECT_VERSION = 1;
				DEVELOPMENT_TEAM = WSW34L4PSC;
				GENERATE_INFOPLIST_FILE = YES;
				MARKETING_VERSION = 1.0;
				PRODUCT_BUNDLE_IDENTIFIER = "Vadim-Gamzaev.FitnessTrackerUITests";
				PRODUCT_NAME = "$(TARGET_NAME)";
				SWIFT_EMIT_LOC_STRINGS = NO;
				SWIFT_VERSION = 5.0;
				TARGETED_DEVICE_FAMILY = "1,2";
				TEST_TARGET_NAME = FitnessTracker;
			};
			name = Debug;
		};
		E086BA3929B8FC1700527E6B /* Release */ = {
			isa = XCBuildConfiguration;
			buildSettings = {
				ALWAYS_EMBED_SWIFT_STANDARD_LIBRARIES = YES;
				CODE_SIGN_STYLE = Automatic;
				CURRENT_PROJECT_VERSION = 1;
				DEVELOPMENT_TEAM = WSW34L4PSC;
				GENERATE_INFOPLIST_FILE = YES;
				MARKETING_VERSION = 1.0;
				PRODUCT_BUNDLE_IDENTIFIER = "Vadim-Gamzaev.FitnessTrackerUITests";
				PRODUCT_NAME = "$(TARGET_NAME)";
				SWIFT_EMIT_LOC_STRINGS = NO;
				SWIFT_VERSION = 5.0;
				TARGETED_DEVICE_FAMILY = "1,2";
				TEST_TARGET_NAME = FitnessTracker;
			};
			name = Release;
		};
/* End XCBuildConfiguration section */

/* Begin XCConfigurationList section */
		E086BA0229B8FC1600527E6B /* Build configuration list for PBXProject "FitnessTracker" */ = {
			isa = XCConfigurationList;
			buildConfigurations = (
				E086BA2F29B8FC1700527E6B /* Debug */,
				E086BA3029B8FC1700527E6B /* Release */,
			);
			defaultConfigurationIsVisible = 0;
			defaultConfigurationName = Release;
		};
		E086BA3129B8FC1700527E6B /* Build configuration list for PBXNativeTarget "FitnessTracker" */ = {
			isa = XCConfigurationList;
			buildConfigurations = (
				E086BA3229B8FC1700527E6B /* Debug */,
				E086BA3329B8FC1700527E6B /* Release */,
			);
			defaultConfigurationIsVisible = 0;
			defaultConfigurationName = Release;
		};
		E086BA3429B8FC1700527E6B /* Build configuration list for PBXNativeTarget "FitnessTrackerTests" */ = {
			isa = XCConfigurationList;
			buildConfigurations = (
				E086BA3529B8FC1700527E6B /* Debug */,
				E086BA3629B8FC1700527E6B /* Release */,
			);
			defaultConfigurationIsVisible = 0;
			defaultConfigurationName = Release;
		};
		E086BA3729B8FC1700527E6B /* Build configuration list for PBXNativeTarget "FitnessTrackerUITests" */ = {
			isa = XCConfigurationList;
			buildConfigurations = (
				E086BA3829B8FC1700527E6B /* Debug */,
				E086BA3929B8FC1700527E6B /* Release */,
			);
			defaultConfigurationIsVisible = 0;
			defaultConfigurationName = Release;
		};
/* End XCConfigurationList section */

/* Begin XCRemoteSwiftPackageReference section */
		E0D59FE729D844A80044EA1C /* XCRemoteSwiftPackageReference "PinLayout" */ = {
			isa = XCRemoteSwiftPackageReference;
			repositoryURL = "https://github.com/layoutBox/PinLayout";
			requirement = {
				kind = upToNextMajorVersion;
				minimumVersion = 1.0.0;
			};
		};
/* End XCRemoteSwiftPackageReference section */

/* Begin XCSwiftPackageProductDependency section */
		E0D59FE829D844A90044EA1C /* PinLayout */ = {
			isa = XCSwiftPackageProductDependency;
			package = E0D59FE729D844A80044EA1C /* XCRemoteSwiftPackageReference "PinLayout" */;
			productName = PinLayout;
		};
/* End XCSwiftPackageProductDependency section */
	};
	rootObject = E086B9FF29B8FC1600527E6B /* Project object */;
}
